
Microsoft Visual Studio Solution File, Format Version 12.00
# Visual Studio Version 16
VisualStudioVersion = 16.0.31613.86
MinimumVisualStudioVersion = 10.0.40219.1
Project("{9A19103F-16F7-4668-BE54-9A1E7A4F7556}") = "me-task-blazor.Server", "me-task-blazor\Server\me-task-blazor.Server.csproj", "{7996F745-1AC8-4B69-98E6-784F181E50C9}"
EndProject
Project("{9A19103F-16F7-4668-BE54-9A1E7A4F7556}") = "me-task-blazor.Client", "me-task-blazor\Client\me-task-blazor.Client.csproj", "{D11041EE-BD81-4A94-B0A2-1EF56A25E2D6}"
EndProject
Project("{9A19103F-16F7-4668-BE54-9A1E7A4F7556}") = "me-task-blazor.Shared", "me-task-blazor\Shared\me-task-blazor.Shared.csproj", "{87ED8F34-16E0-49CD-B99E-0F6D4ABF0606}"
EndProject
Project("{FAE04EC0-301F-11D3-BF4B-00C04F79EFBC}") = "Tests", "Tests\Tests.csproj", "{78D0547D-CFA9-42B3-AE2F-A09615A2E641}"
EndProject
Global
	GlobalSection(SolutionConfigurationPlatforms) = preSolution
		Debug|Any CPU = Debug|Any CPU
		Release|Any CPU = Release|Any CPU
	EndGlobalSection
	GlobalSection(ProjectConfigurationPlatforms) = postSolution
		{7996F745-1AC8-4B69-98E6-784F181E50C9}.Debug|Any CPU.ActiveCfg = Debug|Any CPU
		{7996F745-1AC8-4B69-98E6-784F181E50C9}.Debug|Any CPU.Build.0 = Debug|Any CPU
		{7996F745-1AC8-4B69-98E6-784F181E50C9}.Release|Any CPU.ActiveCfg = Release|Any CPU
		{7996F745-1AC8-4B69-98E6-784F181E50C9}.Release|Any CPU.Build.0 = Release|Any CPU
		{D11041EE-BD81-4A94-B0A2-1EF56A25E2D6}.Debug|Any CPU.ActiveCfg = Debug|Any CPU
		{D11041EE-BD81-4A94-B0A2-1EF56A25E2D6}.Debug|Any CPU.Build.0 = Debug|Any CPU
		{D11041EE-BD81-4A94-B0A2-1EF56A25E2D6}.Release|Any CPU.ActiveCfg = Release|Any CPU
		{D11041EE-BD81-4A94-B0A2-1EF56A25E2D6}.Release|Any CPU.Build.0 = Release|Any CPU
		{87ED8F34-16E0-49CD-B99E-0F6D4ABF0606}.Debug|Any CPU.ActiveCfg = Debug|Any CPU
		{87ED8F34-16E0-49CD-B99E-0F6D4ABF0606}.Debug|Any CPU.Build.0 = Debug|Any CPU
		{87ED8F34-16E0-49CD-B99E-0F6D4ABF0606}.Release|Any CPU.ActiveCfg = Release|Any CPU
		{87ED8F34-16E0-49CD-B99E-0F6D4ABF0606}.Release|Any CPU.Build.0 = Release|Any CPU
		{78D0547D-CFA9-42B3-AE2F-A09615A2E641}.Debug|Any CPU.ActiveCfg = Debug|Any CPU
		{78D0547D-CFA9-42B3-AE2F-A09615A2E641}.Debug|Any CPU.Build.0 = Debug|Any CPU
		{78D0547D-CFA9-42B3-AE2F-A09615A2E641}.Release|Any CPU.ActiveCfg = Release|Any CPU
		{78D0547D-CFA9-42B3-AE2F-A09615A2E641}.Release|Any CPU.Build.0 = Release|Any CPU
	EndGlobalSection
	GlobalSection(SolutionProperties) = preSolution
		HideSolutionNode = FALSE
	EndGlobalSection
	GlobalSection(ExtensibilityGlobals) = postSolution
		SolutionGuid = {5C1CFC1F-B82B-4E0B-A48D-CBDF3370C4AA}
	EndGlobalSection
EndGlobal
